// !$*UTF8*$!
{
	archiveVersion = 1;
	classes = {
	};
	objectVersion = 46;
	objects = {

/* Begin PBXBuildFile section */
		1B8C0DE517B2856D00268820 /* iOSGLView.mm in Sources */ = {isa = PBXBuildFile; fileRef = 1B8C0DE417B2856D00268820 /* iOSGLView.mm */; };
		1B8C0DE717B2861600268820 /* OpenGLES.framework in Frameworks */ = {isa = PBXBuildFile; fileRef = 1B8C0DE617B2861600268820 /* OpenGLES.framework */; };
		1BADE90016DC6A1B0041A4D5 /* libx264.a in Frameworks */ = {isa = PBXBuildFile; fileRef = 1BADE8FF16DC6A1B0041A4D5 /* libx264.a */; };
		9604D37E16AAE8AD002286CC /* Foundation.framework in Frameworks */ = {isa = PBXBuildFile; fileRef = 9604D37D16AAE8AD002286CC /* Foundation.framework */; };
		9604D38516AAE8AD002286CC /* VideoLibrary.cpp in Sources */ = {isa = PBXBuildFile; fileRef = 9604D38416AAE8AD002286CC /* VideoLibrary.cpp */; };
		9607C01B16ABCD6000DA5889 /* VideoCaptureEncoding.cpp in Sources */ = {isa = PBXBuildFile; fileRef = 9607C01A16ABCD6000DA5889 /* VideoCaptureEncoding.cpp */; };
		9607C01E16ABF3E300DA5889 /* VideoDecodingDisplay.cpp in Sources */ = {isa = PBXBuildFile; fileRef = 9607C01D16ABF3E300DA5889 /* VideoDecodingDisplay.cpp */; };
		9607C09116ABFEEE00DA5889 /* libavcodec.a in Frameworks */ = {isa = PBXBuildFile; fileRef = 9607C08016ABFEEE00DA5889 /* libavcodec.a */; };
		9607C09216ABFEEE00DA5889 /* libavdevice.a in Frameworks */ = {isa = PBXBuildFile; fileRef = 9607C08116ABFEEE00DA5889 /* libavdevice.a */; };
		9607C09316ABFEEE00DA5889 /* libavformat.a in Frameworks */ = {isa = PBXBuildFile; fileRef = 9607C08216ABFEEE00DA5889 /* libavformat.a */; };
		9607C09416ABFEEE00DA5889 /* libavutil.a in Frameworks */ = {isa = PBXBuildFile; fileRef = 9607C08316ABFEEE00DA5889 /* libavutil.a */; };
		9607C09716ABFEEE00DA5889 /* libswscale.a in Frameworks */ = {isa = PBXBuildFile; fileRef = 9607C08616ABFEEE00DA5889 /* libswscale.a */; };
		9607C09B16AC007500DA5889 /* liveFFmpegdecode.m in Sources */ = {isa = PBXBuildFile; fileRef = 9607C09A16AC007500DA5889 /* liveFFmpegdecode.m */; };
		9607C09E16AC029800DA5889 /* CameraHelp.mm in Sources */ = {isa = PBXBuildFile; fileRef = 9607C09D16AC029800DA5889 /* CameraHelp.mm */; };
		9607C0AF16AC444100DA5889 /* VideoManagement.m in Sources */ = {isa = PBXBuildFile; fileRef = 9607C0AE16AC444100DA5889 /* VideoManagement.m */; };
/* End PBXBuildFile section */

/* Begin PBXCopyFilesBuildPhase section */
		9604D37816AAE8AD002286CC /* CopyFiles */ = {
			isa = PBXCopyFilesBuildPhase;
			buildActionMask = 2147483647;
			dstPath = "include/${PRODUCT_NAME}";
			dstSubfolderSpec = 16;
			files = (
			);
			runOnlyForDeploymentPostprocessing = 0;
		};
/* End PBXCopyFilesBuildPhase section */

/* Begin PBXFileReference section */
		1B8C0DE317B2856D00268820 /* iOSGLView.h */ = {isa = PBXFileReference; fileEncoding = 4; lastKnownFileType = sourcecode.c.h; path = iOSGLView.h; sourceTree = "<group>"; };
		1B8C0DE417B2856D00268820 /* iOSGLView.mm */ = {isa = PBXFileReference; fileEncoding = 4; lastKnownFileType = sourcecode.cpp.objcpp; path = iOSGLView.mm; sourceTree = "<group>"; };
		1B8C0DE617B2861600268820 /* OpenGLES.framework */ = {isa = PBXFileReference; lastKnownFileType = wrapper.framework; name = OpenGLES.framework; path = System/Library/Frameworks/OpenGLES.framework; sourceTree = SDKROOT; };
		1BADE8FF16DC6A1B0041A4D5 /* libx264.a */ = {isa = PBXFileReference; lastKnownFileType = archive.ar; path = libx264.a; sourceTree = "<group>"; };
		9604D37A16AAE8AD002286CC /* libVideoLibrary.a */ = {isa = PBXFileReference; explicitFileType = archive.ar; includeInIndex = 0; path = libVideoLibrary.a; sourceTree = BUILT_PRODUCTS_DIR; };
		9604D37D16AAE8AD002286CC /* Foundation.framework */ = {isa = PBXFileReference; lastKnownFileType = wrapper.framework; name = Foundation.framework; path = System/Library/Frameworks/Foundation.framework; sourceTree = SDKROOT; };
		9604D38116AAE8AD002286CC /* VideoLibrary-Prefix.pch */ = {isa = PBXFileReference; lastKnownFileType = sourcecode.c.h; path = "VideoLibrary-Prefix.pch"; sourceTree = "<group>"; };
		9604D38416AAE8AD002286CC /* VideoLibrary.cpp */ = {isa = PBXFileReference; lastKnownFileType = sourcecode.cpp.cpp; path = VideoLibrary.cpp; sourceTree = "<group>"; };
		9607C01816ABCD4800DA5889 /* VideoCaptureEncoding.h */ = {isa = PBXFileReference; lastKnownFileType = sourcecode.c.h; path = VideoCaptureEncoding.h; sourceTree = "<group>"; };
		9607C01A16ABCD6000DA5889 /* VideoCaptureEncoding.cpp */ = {isa = PBXFileReference; fileEncoding = 4; lastKnownFileType = sourcecode.cpp.cpp; path = VideoCaptureEncoding.cpp; sourceTree = "<group>"; };
		9607C01C16ABF36E00DA5889 /* VideoDecodingDisplay.h */ = {isa = PBXFileReference; lastKnownFileType = sourcecode.c.h; path = VideoDecodingDisplay.h; sourceTree = "<group>"; };
		9607C01D16ABF3E300DA5889 /* VideoDecodingDisplay.cpp */ = {isa = PBXFileReference; fileEncoding = 4; lastKnownFileType = sourcecode.cpp.cpp; path = VideoDecodingDisplay.cpp; sourceTree = "<group>"; };
		9607C03B16ABFEEE00DA5889 /* avcodec.h */ = {isa = PBXFileReference; fileEncoding = 4; lastKnownFileType = sourcecode.c.h; path = avcodec.h; sourceTree = "<group>"; };
		9607C03C16ABFEEE00DA5889 /* avfft.h */ = {isa = PBXFileReference; fileEncoding = 4; lastKnownFileType = sourcecode.c.h; path = avfft.h; sourceTree = "<group>"; };
		9607C03D16ABFEEE00DA5889 /* dxva2.h */ = {isa = PBXFileReference; fileEncoding = 4; lastKnownFileType = sourcecode.c.h; path = dxva2.h; sourceTree = "<group>"; };
		9607C03E16ABFEEE00DA5889 /* old_codec_ids.h */ = {isa = PBXFileReference; fileEncoding = 4; lastKnownFileType = sourcecode.c.h; path = old_codec_ids.h; sourceTree = "<group>"; };
		9607C03F16ABFEEE00DA5889 /* vaapi.h */ = {isa = PBXFileReference; fileEncoding = 4; lastKnownFileType = sourcecode.c.h; path = vaapi.h; sourceTree = "<group>"; };
		9607C04016ABFEEE00DA5889 /* vda.h */ = {isa = PBXFileReference; fileEncoding = 4; lastKnownFileType = sourcecode.c.h; path = vda.h; sourceTree = "<group>"; };
		9607C04116ABFEEE00DA5889 /* vdpau.h */ = {isa = PBXFileReference; fileEncoding = 4; lastKnownFileType = sourcecode.c.h; path = vdpau.h; sourceTree = "<group>"; };
		9607C04216ABFEEE00DA5889 /* version.h */ = {isa = PBXFileReference; fileEncoding = 4; lastKnownFileType = sourcecode.c.h; path = version.h; sourceTree = "<group>"; };
		9607C04316ABFEEE00DA5889 /* xvmc.h */ = {isa = PBXFileReference; fileEncoding = 4; lastKnownFileType = sourcecode.c.h; path = xvmc.h; sourceTree = "<group>"; };
		9607C04516ABFEEE00DA5889 /* avdevice.h */ = {isa = PBXFileReference; fileEncoding = 4; lastKnownFileType = sourcecode.c.h; path = avdevice.h; sourceTree = "<group>"; };
		9607C04616ABFEEE00DA5889 /* version.h */ = {isa = PBXFileReference; fileEncoding = 4; lastKnownFileType = sourcecode.c.h; path = version.h; sourceTree = "<group>"; };
		9607C04816ABFEEE00DA5889 /* avformat.h */ = {isa = PBXFileReference; fileEncoding = 4; lastKnownFileType = sourcecode.c.h; path = avformat.h; sourceTree = "<group>"; };
		9607C04916ABFEEE00DA5889 /* avio.h */ = {isa = PBXFileReference; fileEncoding = 4; lastKnownFileType = sourcecode.c.h; path = avio.h; sourceTree = "<group>"; };
		9607C04A16ABFEEE00DA5889 /* version.h */ = {isa = PBXFileReference; fileEncoding = 4; lastKnownFileType = sourcecode.c.h; path = version.h; sourceTree = "<group>"; };
		9607C04C16ABFEEE00DA5889 /* adler32.h */ = {isa = PBXFileReference; fileEncoding = 4; lastKnownFileType = sourcecode.c.h; path = adler32.h; sourceTree = "<group>"; };
		9607C04D16ABFEEE00DA5889 /* aes.h */ = {isa = PBXFileReference; fileEncoding = 4; lastKnownFileType = sourcecode.c.h; path = aes.h; sourceTree = "<group>"; };
		9607C04E16ABFEEE00DA5889 /* attributes.h */ = {isa = PBXFileReference; fileEncoding = 4; lastKnownFileType = sourcecode.c.h; path = attributes.h; sourceTree = "<group>"; };
		9607C04F16ABFEEE00DA5889 /* audio_fifo.h */ = {isa = PBXFileReference; fileEncoding = 4; lastKnownFileType = sourcecode.c.h; path = audio_fifo.h; sourceTree = "<group>"; };
		9607C05016ABFEEE00DA5889 /* audioconvert.h */ = {isa = PBXFileReference; fileEncoding = 4; lastKnownFileType = sourcecode.c.h; path = audioconvert.h; sourceTree = "<group>"; };
		9607C05116ABFEEE00DA5889 /* avassert.h */ = {isa = PBXFileReference; fileEncoding = 4; lastKnownFileType = sourcecode.c.h; path = avassert.h; sourceTree = "<group>"; };
		9607C05216ABFEEE00DA5889 /* avconfig.h */ = {isa = PBXFileReference; fileEncoding = 4; lastKnownFileType = sourcecode.c.h; path = avconfig.h; sourceTree = "<group>"; };
		9607C05316ABFEEE00DA5889 /* avstring.h */ = {isa = PBXFileReference; fileEncoding = 4; lastKnownFileType = sourcecode.c.h; path = avstring.h; sourceTree = "<group>"; };
		9607C05416ABFEEE00DA5889 /* avutil.h */ = {isa = PBXFileReference; fileEncoding = 4; lastKnownFileType = sourcecode.c.h; path = avutil.h; sourceTree = "<group>"; };
		9607C05516ABFEEE00DA5889 /* base64.h */ = {isa = PBXFileReference; fileEncoding = 4; lastKnownFileType = sourcecode.c.h; path = base64.h; sourceTree = "<group>"; };
		9607C05616ABFEEE00DA5889 /* blowfish.h */ = {isa = PBXFileReference; fileEncoding = 4; lastKnownFileType = sourcecode.c.h; path = blowfish.h; sourceTree = "<group>"; };
		9607C05716ABFEEE00DA5889 /* bprint.h */ = {isa = PBXFileReference; fileEncoding = 4; lastKnownFileType = sourcecode.c.h; path = bprint.h; sourceTree = "<group>"; };
		9607C05816ABFEEE00DA5889 /* bswap.h */ = {isa = PBXFileReference; fileEncoding = 4; lastKnownFileType = sourcecode.c.h; path = bswap.h; sourceTree = "<group>"; };
		9607C05916ABFEEE00DA5889 /* common.h */ = {isa = PBXFileReference; fileEncoding = 4; lastKnownFileType = sourcecode.c.h; path = common.h; sourceTree = "<group>"; };
		9607C05A16ABFEEE00DA5889 /* cpu.h */ = {isa = PBXFileReference; fileEncoding = 4; lastKnownFileType = sourcecode.c.h; path = cpu.h; sourceTree = "<group>"; };
		9607C05B16ABFEEE00DA5889 /* crc.h */ = {isa = PBXFileReference; fileEncoding = 4; lastKnownFileType = sourcecode.c.h; path = crc.h; sourceTree = "<group>"; };
		9607C05C16ABFEEE00DA5889 /* dict.h */ = {isa = PBXFileReference; fileEncoding = 4; lastKnownFileType = sourcecode.c.h; path = dict.h; sourceTree = "<group>"; };
		9607C05D16ABFEEE00DA5889 /* error.h */ = {isa = PBXFileReference; fileEncoding = 4; lastKnownFileType = sourcecode.c.h; path = error.h; sourceTree = "<group>"; };
		9607C05E16ABFEEE00DA5889 /* eval.h */ = {isa = PBXFileReference; fileEncoding = 4; lastKnownFileType = sourcecode.c.h; path = eval.h; sourceTree = "<group>"; };
		9607C05F16ABFEEE00DA5889 /* fifo.h */ = {isa = PBXFileReference; fileEncoding = 4; lastKnownFileType = sourcecode.c.h; path = fifo.h; sourceTree = "<group>"; };
		9607C06016ABFEEE00DA5889 /* file.h */ = {isa = PBXFileReference; fileEncoding = 4; lastKnownFileType = sourcecode.c.h; path = file.h; sourceTree = "<group>"; };
		9607C06116ABFEEE00DA5889 /* imgutils.h */ = {isa = PBXFileReference; fileEncoding = 4; lastKnownFileType = sourcecode.c.h; path = imgutils.h; sourceTree = "<group>"; };
		9607C06216ABFEEE00DA5889 /* intfloat.h */ = {isa = PBXFileReference; fileEncoding = 4; lastKnownFileType = sourcecode.c.h; path = intfloat.h; sourceTree = "<group>"; };
		9607C06316ABFEEE00DA5889 /* intfloat_readwrite.h */ = {isa = PBXFileReference; fileEncoding = 4; lastKnownFileType = sourcecode.c.h; path = intfloat_readwrite.h; sourceTree = "<group>"; };
		9607C06416ABFEEE00DA5889 /* intreadwrite.h */ = {isa = PBXFileReference; fileEncoding = 4; lastKnownFileType = sourcecode.c.h; path = intreadwrite.h; sourceTree = "<group>"; };
		9607C06516ABFEEE00DA5889 /* lfg.h */ = {isa = PBXFileReference; fileEncoding = 4; lastKnownFileType = sourcecode.c.h; path = lfg.h; sourceTree = "<group>"; };
		9607C06616ABFEEE00DA5889 /* log.h */ = {isa = PBXFileReference; fileEncoding = 4; lastKnownFileType = sourcecode.c.h; path = log.h; sourceTree = "<group>"; };
		9607C06716ABFEEE00DA5889 /* lzo.h */ = {isa = PBXFileReference; fileEncoding = 4; lastKnownFileType = sourcecode.c.h; path = lzo.h; sourceTree = "<group>"; };
		9607C06816ABFEEE00DA5889 /* mathematics.h */ = {isa = PBXFileReference; fileEncoding = 4; lastKnownFileType = sourcecode.c.h; path = mathematics.h; sourceTree = "<group>"; };
		9607C06916ABFEEE00DA5889 /* md5.h */ = {isa = PBXFileReference; fileEncoding = 4; lastKnownFileType = sourcecode.c.h; path = md5.h; sourceTree = "<group>"; };
		9607C06A16ABFEEE00DA5889 /* mem.h */ = {isa = PBXFileReference; fileEncoding = 4; lastKnownFileType = sourcecode.c.h; path = mem.h; sourceTree = "<group>"; };
		9607C06B16ABFEEE00DA5889 /* opt.h */ = {isa = PBXFileReference; fileEncoding = 4; lastKnownFileType = sourcecode.c.h; path = opt.h; sourceTree = "<group>"; };
		9607C06C16ABFEEE00DA5889 /* parseutils.h */ = {isa = PBXFileReference; fileEncoding = 4; lastKnownFileType = sourcecode.c.h; path = parseutils.h; sourceTree = "<group>"; };
		9607C06D16ABFEEE00DA5889 /* pixdesc.h */ = {isa = PBXFileReference; fileEncoding = 4; lastKnownFileType = sourcecode.c.h; path = pixdesc.h; sourceTree = "<group>"; };
		9607C06E16ABFEEE00DA5889 /* pixfmt.h */ = {isa = PBXFileReference; fileEncoding = 4; lastKnownFileType = sourcecode.c.h; path = pixfmt.h; sourceTree = "<group>"; };
		9607C06F16ABFEEE00DA5889 /* random_seed.h */ = {isa = PBXFileReference; fileEncoding = 4; lastKnownFileType = sourcecode.c.h; path = random_seed.h; sourceTree = "<group>"; };
		9607C07016ABFEEE00DA5889 /* rational.h */ = {isa = PBXFileReference; fileEncoding = 4; lastKnownFileType = sourcecode.c.h; path = rational.h; sourceTree = "<group>"; };
		9607C07116ABFEEE00DA5889 /* samplefmt.h */ = {isa = PBXFileReference; fileEncoding = 4; lastKnownFileType = sourcecode.c.h; path = samplefmt.h; sourceTree = "<group>"; };
		9607C07216ABFEEE00DA5889 /* sha.h */ = {isa = PBXFileReference; fileEncoding = 4; lastKnownFileType = sourcecode.c.h; path = sha.h; sourceTree = "<group>"; };
		9607C07316ABFEEE00DA5889 /* time.h */ = {isa = PBXFileReference; fileEncoding = 4; lastKnownFileType = sourcecode.c.h; path = time.h; sourceTree = "<group>"; };
		9607C07416ABFEEE00DA5889 /* timecode.h */ = {isa = PBXFileReference; fileEncoding = 4; lastKnownFileType = sourcecode.c.h; path = timecode.h; sourceTree = "<group>"; };
		9607C07516ABFEEE00DA5889 /* timestamp.h */ = {isa = PBXFileReference; fileEncoding = 4; lastKnownFileType = sourcecode.c.h; path = timestamp.h; sourceTree = "<group>"; };
		9607C07616ABFEEE00DA5889 /* version.h */ = {isa = PBXFileReference; fileEncoding = 4; lastKnownFileType = sourcecode.c.h; path = version.h; sourceTree = "<group>"; };
		9607C07716ABFEEE00DA5889 /* xtea.h */ = {isa = PBXFileReference; fileEncoding = 4; lastKnownFileType = sourcecode.c.h; path = xtea.h; sourceTree = "<group>"; };
		9607C07916ABFEEE00DA5889 /* postprocess.h */ = {isa = PBXFileReference; fileEncoding = 4; lastKnownFileType = sourcecode.c.h; path = postprocess.h; sourceTree = "<group>"; };
		9607C07B16ABFEEE00DA5889 /* swresample.h */ = {isa = PBXFileReference; fileEncoding = 4; lastKnownFileType = sourcecode.c.h; path = swresample.h; sourceTree = "<group>"; };
		9607C07D16ABFEEE00DA5889 /* swscale.h */ = {isa = PBXFileReference; fileEncoding = 4; lastKnownFileType = sourcecode.c.h; path = swscale.h; sourceTree = "<group>"; };
		9607C07E16ABFEEE00DA5889 /* version.h */ = {isa = PBXFileReference; fileEncoding = 4; lastKnownFileType = sourcecode.c.h; path = version.h; sourceTree = "<group>"; };
		9607C08016ABFEEE00DA5889 /* libavcodec.a */ = {isa = PBXFileReference; lastKnownFileType = archive.ar; path = libavcodec.a; sourceTree = "<group>"; };
		9607C08116ABFEEE00DA5889 /* libavdevice.a */ = {isa = PBXFileReference; lastKnownFileType = archive.ar; path = libavdevice.a; sourceTree = "<group>"; };
		9607C08216ABFEEE00DA5889 /* libavformat.a */ = {isa = PBXFileReference; lastKnownFileType = archive.ar; path = libavformat.a; sourceTree = "<group>"; };
		9607C08316ABFEEE00DA5889 /* libavutil.a */ = {isa = PBXFileReference; lastKnownFileType = archive.ar; path = libavutil.a; sourceTree = "<group>"; };
		9607C08616ABFEEE00DA5889 /* libswscale.a */ = {isa = PBXFileReference; lastKnownFileType = archive.ar; path = libswscale.a; sourceTree = "<group>"; };
		9607C08816ABFEEE00DA5889 /* libavcodec.pc */ = {isa = PBXFileReference; fileEncoding = 4; lastKnownFileType = text; path = libavcodec.pc; sourceTree = "<group>"; };
		9607C08916ABFEEE00DA5889 /* libavdevice.pc */ = {isa = PBXFileReference; fileEncoding = 4; lastKnownFileType = text; path = libavdevice.pc; sourceTree = "<group>"; };
		9607C08A16ABFEEE00DA5889 /* libavformat.pc */ = {isa = PBXFileReference; fileEncoding = 4; lastKnownFileType = text; path = libavformat.pc; sourceTree = "<group>"; };
		9607C08B16ABFEEE00DA5889 /* libavutil.pc */ = {isa = PBXFileReference; fileEncoding = 4; lastKnownFileType = text; path = libavutil.pc; sourceTree = "<group>"; };
		9607C08C16ABFEEE00DA5889 /* libpostproc.pc */ = {isa = PBXFileReference; fileEncoding = 4; lastKnownFileType = text; path = libpostproc.pc; sourceTree = "<group>"; };
		9607C08D16ABFEEE00DA5889 /* libswresample.pc */ = {isa = PBXFileReference; fileEncoding = 4; lastKnownFileType = text; path = libswresample.pc; sourceTree = "<group>"; };
		9607C08E16ABFEEE00DA5889 /* libswscale.pc */ = {isa = PBXFileReference; fileEncoding = 4; lastKnownFileType = text; path = libswscale.pc; sourceTree = "<group>"; };
		9607C09916AC007500DA5889 /* liveFFmpegdecode.h */ = {isa = PBXFileReference; fileEncoding = 4; lastKnownFileType = sourcecode.c.h; path = liveFFmpegdecode.h; sourceTree = "<group>"; };
		9607C09A16AC007500DA5889 /* liveFFmpegdecode.m */ = {isa = PBXFileReference; fileEncoding = 4; lastKnownFileType = sourcecode.c.objc; path = liveFFmpegdecode.m; sourceTree = "<group>"; };
		9607C09C16AC029800DA5889 /* CameraHelp.h */ = {isa = PBXFileReference; fileEncoding = 4; lastKnownFileType = sourcecode.c.h; path = CameraHelp.h; sourceTree = "<group>"; };
		9607C09D16AC029800DA5889 /* CameraHelp.mm */ = {isa = PBXFileReference; fileEncoding = 4; lastKnownFileType = sourcecode.cpp.objcpp; path = CameraHelp.mm; sourceTree = "<group>"; };
		9607C0AD16AC444100DA5889 /* VideoManagement.h */ = {isa = PBXFileReference; fileEncoding = 4; lastKnownFileType = sourcecode.c.h; path = VideoManagement.h; sourceTree = "<group>"; };
		9607C0AE16AC444100DA5889 /* VideoManagement.m */ = {isa = PBXFileReference; fileEncoding = 4; lastKnownFileType = sourcecode.c.objc; path = VideoManagement.m; sourceTree = "<group>"; };
/* End PBXFileReference section */

/* Begin PBXFrameworksBuildPhase section */
		9604D37716AAE8AD002286CC /* Frameworks */ = {
			isa = PBXFrameworksBuildPhase;
			buildActionMask = 2147483647;
			files = (
				1B8C0DE717B2861600268820 /* OpenGLES.framework in Frameworks */,
				9604D37E16AAE8AD002286CC /* Foundation.framework in Frameworks */,
				9607C09116ABFEEE00DA5889 /* libavcodec.a in Frameworks */,
				9607C09216ABFEEE00DA5889 /* libavdevice.a in Frameworks */,
				9607C09316ABFEEE00DA5889 /* libavformat.a in Frameworks */,
				9607C09416ABFEEE00DA5889 /* libavutil.a in Frameworks */,
				9607C09716ABFEEE00DA5889 /* libswscale.a in Frameworks */,
				1BADE90016DC6A1B0041A4D5 /* libx264.a in Frameworks */,
			);
			runOnlyForDeploymentPostprocessing = 0;
		};
/* End PBXFrameworksBuildPhase section */

/* Begin PBXGroup section */
		1B8C0DE217B2856D00268820 /* opengl */ = {
			isa = PBXGroup;
			children = (
				1B8C0DE317B2856D00268820 /* iOSGLView.h */,
				1B8C0DE417B2856D00268820 /* iOSGLView.mm */,
			);
			path = opengl;
			sourceTree = "<group>";
		};
		9604D36F16AAE8AD002286CC = {
			isa = PBXGroup;
			children = (
				1B8C0DE617B2861600268820 /* OpenGLES.framework */,
				1B8C0DE217B2856D00268820 /* opengl */,
				9607C03816ABFEEE00DA5889 /* ffmpeg */,
				9604D37F16AAE8AD002286CC /* VideoLibrary */,
				9604D37C16AAE8AD002286CC /* Frameworks */,
				9604D37B16AAE8AD002286CC /* Products */,
			);
			sourceTree = "<group>";
		};
		9604D37B16AAE8AD002286CC /* Products */ = {
			isa = PBXGroup;
			children = (
				9604D37A16AAE8AD002286CC /* libVideoLibrary.a */,
			);
			name = Products;
			sourceTree = "<group>";
		};
		9604D37C16AAE8AD002286CC /* Frameworks */ = {
			isa = PBXGroup;
			children = (
				9604D37D16AAE8AD002286CC /* Foundation.framework */,
			);
			name = Frameworks;
			sourceTree = "<group>";
		};
		9604D37F16AAE8AD002286CC /* VideoLibrary */ = {
			isa = PBXGroup;
			children = (
				9607C0AD16AC444100DA5889 /* VideoManagement.h */,
				9607C0AE16AC444100DA5889 /* VideoManagement.m */,
				9607C09C16AC029800DA5889 /* CameraHelp.h */,
				9607C09D16AC029800DA5889 /* CameraHelp.mm */,
				9607C09916AC007500DA5889 /* liveFFmpegdecode.h */,
				9607C09A16AC007500DA5889 /* liveFFmpegdecode.m */,
				9604D38416AAE8AD002286CC /* VideoLibrary.cpp */,
				9604D38016AAE8AD002286CC /* Supporting Files */,
				9607C01816ABCD4800DA5889 /* VideoCaptureEncoding.h */,
				9607C01A16ABCD6000DA5889 /* VideoCaptureEncoding.cpp */,
				9607C01C16ABF36E00DA5889 /* VideoDecodingDisplay.h */,
				9607C01D16ABF3E300DA5889 /* VideoDecodingDisplay.cpp */,
			);
			path = VideoLibrary;
			sourceTree = "<group>";
		};
		9604D38016AAE8AD002286CC /* Supporting Files */ = {
			isa = PBXGroup;
			children = (
				9604D38116AAE8AD002286CC /* VideoLibrary-Prefix.pch */,
			);
			name = "Supporting Files";
			sourceTree = "<group>";
		};
		9607C03816ABFEEE00DA5889 /* ffmpeg */ = {
			isa = PBXGroup;
			children = (
				9607C03916ABFEEE00DA5889 /* include */,
				9607C07F16ABFEEE00DA5889 /* lib */,
			);
			path = ffmpeg;
			sourceTree = "<group>";
		};
		9607C03916ABFEEE00DA5889 /* include */ = {
			isa = PBXGroup;
			children = (
				9607C03A16ABFEEE00DA5889 /* libavcodec */,
				9607C04416ABFEEE00DA5889 /* libavdevice */,
				9607C04716ABFEEE00DA5889 /* libavformat */,
				9607C04B16ABFEEE00DA5889 /* libavutil */,
				9607C07816ABFEEE00DA5889 /* libpostproc */,
				9607C07A16ABFEEE00DA5889 /* libswresample */,
				9607C07C16ABFEEE00DA5889 /* libswscale */,
			);
			path = include;
			sourceTree = "<group>";
		};
		9607C03A16ABFEEE00DA5889 /* libavcodec */ = {
			isa = PBXGroup;
			children = (
				9607C03B16ABFEEE00DA5889 /* avcodec.h */,
				9607C03C16ABFEEE00DA5889 /* avfft.h */,
				9607C03D16ABFEEE00DA5889 /* dxva2.h */,
				9607C03E16ABFEEE00DA5889 /* old_codec_ids.h */,
				9607C03F16ABFEEE00DA5889 /* vaapi.h */,
				9607C04016ABFEEE00DA5889 /* vda.h */,
				9607C04116ABFEEE00DA5889 /* vdpau.h */,
				9607C04216ABFEEE00DA5889 /* version.h */,
				9607C04316ABFEEE00DA5889 /* xvmc.h */,
			);
			path = libavcodec;
			sourceTree = "<group>";
		};
		9607C04416ABFEEE00DA5889 /* libavdevice */ = {
			isa = PBXGroup;
			children = (
				9607C04516ABFEEE00DA5889 /* avdevice.h */,
				9607C04616ABFEEE00DA5889 /* version.h */,
			);
			path = libavdevice;
			sourceTree = "<group>";
		};
		9607C04716ABFEEE00DA5889 /* libavformat */ = {
			isa = PBXGroup;
			children = (
				9607C04816ABFEEE00DA5889 /* avformat.h */,
				9607C04916ABFEEE00DA5889 /* avio.h */,
				9607C04A16ABFEEE00DA5889 /* version.h */,
			);
			path = libavformat;
			sourceTree = "<group>";
		};
		9607C04B16ABFEEE00DA5889 /* libavutil */ = {
			isa = PBXGroup;
			children = (
				9607C04C16ABFEEE00DA5889 /* adler32.h */,
				9607C04D16ABFEEE00DA5889 /* aes.h */,
				9607C04E16ABFEEE00DA5889 /* attributes.h */,
				9607C04F16ABFEEE00DA5889 /* audio_fifo.h */,
				9607C05016ABFEEE00DA5889 /* audioconvert.h */,
				9607C05116ABFEEE00DA5889 /* avassert.h */,
				9607C05216ABFEEE00DA5889 /* avconfig.h */,
				9607C05316ABFEEE00DA5889 /* avstring.h */,
				9607C05416ABFEEE00DA5889 /* avutil.h */,
				9607C05516ABFEEE00DA5889 /* base64.h */,
				9607C05616ABFEEE00DA5889 /* blowfish.h */,
				9607C05716ABFEEE00DA5889 /* bprint.h */,
				9607C05816ABFEEE00DA5889 /* bswap.h */,
				9607C05916ABFEEE00DA5889 /* common.h */,
				9607C05A16ABFEEE00DA5889 /* cpu.h */,
				9607C05B16ABFEEE00DA5889 /* crc.h */,
				9607C05C16ABFEEE00DA5889 /* dict.h */,
				9607C05D16ABFEEE00DA5889 /* error.h */,
				9607C05E16ABFEEE00DA5889 /* eval.h */,
				9607C05F16ABFEEE00DA5889 /* fifo.h */,
				9607C06016ABFEEE00DA5889 /* file.h */,
				9607C06116ABFEEE00DA5889 /* imgutils.h */,
				9607C06216ABFEEE00DA5889 /* intfloat.h */,
				9607C06316ABFEEE00DA5889 /* intfloat_readwrite.h */,
				9607C06416ABFEEE00DA5889 /* intreadwrite.h */,
				9607C06516ABFEEE00DA5889 /* lfg.h */,
				9607C06616ABFEEE00DA5889 /* log.h */,
				9607C06716ABFEEE00DA5889 /* lzo.h */,
				9607C06816ABFEEE00DA5889 /* mathematics.h */,
				9607C06916ABFEEE00DA5889 /* md5.h */,
				9607C06A16ABFEEE00DA5889 /* mem.h */,
				9607C06B16ABFEEE00DA5889 /* opt.h */,
				9607C06C16ABFEEE00DA5889 /* parseutils.h */,
				9607C06D16ABFEEE00DA5889 /* pixdesc.h */,
				9607C06E16ABFEEE00DA5889 /* pixfmt.h */,
				9607C06F16ABFEEE00DA5889 /* random_seed.h */,
				9607C07016ABFEEE00DA5889 /* rational.h */,
				9607C07116ABFEEE00DA5889 /* samplefmt.h */,
				9607C07216ABFEEE00DA5889 /* sha.h */,
				9607C07316ABFEEE00DA5889 /* time.h */,
				9607C07416ABFEEE00DA5889 /* timecode.h */,
				9607C07516ABFEEE00DA5889 /* timestamp.h */,
				9607C07616ABFEEE00DA5889 /* version.h */,
				9607C07716ABFEEE00DA5889 /* xtea.h */,
			);
			path = libavutil;
			sourceTree = "<group>";
		};
		9607C07816ABFEEE00DA5889 /* libpostproc */ = {
			isa = PBXGroup;
			children = (
				9607C07916ABFEEE00DA5889 /* postprocess.h */,
			);
			path = libpostproc;
			sourceTree = "<group>";
		};
		9607C07A16ABFEEE00DA5889 /* libswresample */ = {
			isa = PBXGroup;
			children = (
				9607C07B16ABFEEE00DA5889 /* swresample.h */,
			);
			path = libswresample;
			sourceTree = "<group>";
		};
		9607C07C16ABFEEE00DA5889 /* libswscale */ = {
			isa = PBXGroup;
			children = (
				9607C07D16ABFEEE00DA5889 /* swscale.h */,
				9607C07E16ABFEEE00DA5889 /* version.h */,
			);
			path = libswscale;
			sourceTree = "<group>";
		};
		9607C07F16ABFEEE00DA5889 /* lib */ = {
			isa = PBXGroup;
			children = (
				1BADE8FF16DC6A1B0041A4D5 /* libx264.a */,
				9607C08016ABFEEE00DA5889 /* libavcodec.a */,
				9607C08116ABFEEE00DA5889 /* libavdevice.a */,
				9607C08216ABFEEE00DA5889 /* libavformat.a */,
				9607C08316ABFEEE00DA5889 /* libavutil.a */,
				9607C08616ABFEEE00DA5889 /* libswscale.a */,
				9607C08716ABFEEE00DA5889 /* pkgconfig */,
			);
			path = lib;
			sourceTree = "<group>";
		};
		9607C08716ABFEEE00DA5889 /* pkgconfig */ = {
			isa = PBXGroup;
			children = (
				9607C08816ABFEEE00DA5889 /* libavcodec.pc */,
				9607C08916ABFEEE00DA5889 /* libavdevice.pc */,
				9607C08A16ABFEEE00DA5889 /* libavformat.pc */,
				9607C08B16ABFEEE00DA5889 /* libavutil.pc */,
				9607C08C16ABFEEE00DA5889 /* libpostproc.pc */,
				9607C08D16ABFEEE00DA5889 /* libswresample.pc */,
				9607C08E16ABFEEE00DA5889 /* libswscale.pc */,
			);
			path = pkgconfig;
			sourceTree = "<group>";
		};
/* End PBXGroup section */

/* Begin PBXNativeTarget section */
		9604D37916AAE8AD002286CC /* VideoLibrary */ = {
			isa = PBXNativeTarget;
			buildConfigurationList = 9604D38816AAE8AD002286CC /* Build configuration list for PBXNativeTarget "VideoLibrary" */;
			buildPhases = (
				9604D37616AAE8AD002286CC /* Sources */,
				9604D37716AAE8AD002286CC /* Frameworks */,
				9604D37816AAE8AD002286CC /* CopyFiles */,
			);
			buildRules = (
			);
			dependencies = (
			);
			name = VideoLibrary;
			productName = VideoLibrary;
			productReference = 9604D37A16AAE8AD002286CC /* libVideoLibrary.a */;
			productType = "com.apple.product-type.library.static";
		};
/* End PBXNativeTarget section */

/* Begin PBXProject section */
		9604D37116AAE8AD002286CC /* Project object */ = {
			isa = PBXProject;
			attributes = {
				LastUpgradeCheck = 0610;
				ORGANIZATIONNAME = "wang guijun";
			};
			buildConfigurationList = 9604D37416AAE8AD002286CC /* Build configuration list for PBXProject "VideoLibrary" */;
			compatibilityVersion = "Xcode 3.2";
			developmentRegion = English;
			hasScannedForEncodings = 0;
			knownRegions = (
				en,
			);
			mainGroup = 9604D36F16AAE8AD002286CC;
			productRefGroup = 9604D37B16AAE8AD002286CC /* Products */;
			projectDirPath = "";
			projectRoot = "";
			targets = (
				9604D37916AAE8AD002286CC /* VideoLibrary */,
			);
		};
/* End PBXProject section */

/* Begin PBXSourcesBuildPhase section */
		9604D37616AAE8AD002286CC /* Sources */ = {
			isa = PBXSourcesBuildPhase;
			buildActionMask = 2147483647;
			files = (
				9604D38516AAE8AD002286CC /* VideoLibrary.cpp in Sources */,
				9607C01B16ABCD6000DA5889 /* VideoCaptureEncoding.cpp in Sources */,
				9607C01E16ABF3E300DA5889 /* VideoDecodingDisplay.cpp in Sources */,
				9607C09B16AC007500DA5889 /* liveFFmpegdecode.m in Sources */,
				9607C09E16AC029800DA5889 /* CameraHelp.mm in Sources */,
				9607C0AF16AC444100DA5889 /* VideoManagement.m in Sources */,
				1B8C0DE517B2856D00268820 /* iOSGLView.mm in Sources */,
			);
			runOnlyForDeploymentPostprocessing = 0;
		};
/* End PBXSourcesBuildPhase section */

/* Begin XCBuildConfiguration section */
		9604D38616AAE8AD002286CC /* Debug */ = {
			isa = XCBuildConfiguration;
			buildSettings = {
				ALWAYS_SEARCH_USER_PATHS = NO;
				CLANG_CXX_LANGUAGE_STANDARD = "compiler-default";
				CLANG_CXX_LIBRARY = "compiler-default";
				CLANG_ENABLE_OBJC_ARC = YES;
				CLANG_WARN_EMPTY_BODY = YES;
				CLANG_WARN__DUPLICATE_METHOD_MATCH = YES;
				COPY_PHASE_STRIP = NO;
				GCC_C_LANGUAGE_STANDARD = gnu99;
				GCC_DYNAMIC_NO_PIC = NO;
				GCC_OPTIMIZATION_LEVEL = 0;
				GCC_PREPROCESSOR_DEFINITIONS = (
					"DEBUG=1",
					"$(inherited)",
				);
				GCC_SYMBOLS_PRIVATE_EXTERN = NO;
				GCC_WARN_ABOUT_RETURN_TYPE = YES;
				GCC_WARN_UNINITIALIZED_AUTOS = YES;
				GCC_WARN_UNUSED_VARIABLE = YES;
				IPHONEOS_DEPLOYMENT_TARGET = 7.1;
				ONLY_ACTIVE_ARCH = YES;
				SDKROOT = iphoneos;
				VALID_ARCHS = "armv7 arm64 armv7s i386 x86_64";
			};
			name = Debug;
		};
		9604D38716AAE8AD002286CC /* Release */ = {
			isa = XCBuildConfiguration;
			buildSettings = {
				ALWAYS_SEARCH_USER_PATHS = NO;
				CLANG_CXX_LANGUAGE_STANDARD = "compiler-default";
				CLANG_CXX_LIBRARY = "compiler-default";
				CLANG_ENABLE_OBJC_ARC = YES;
				CLANG_WARN_EMPTY_BODY = YES;
				CLANG_WARN__DUPLICATE_METHOD_MATCH = YES;
				COPY_PHASE_STRIP = YES;
				GCC_C_LANGUAGE_STANDARD = gnu99;
				GCC_WARN_ABOUT_RETURN_TYPE = YES;
				GCC_WARN_UNINITIALIZED_AUTOS = YES;
				GCC_WARN_UNUSED_VARIABLE = YES;
				IPHONEOS_DEPLOYMENT_TARGET = 7.1;
				SDKROOT = iphoneos;
				VALIDATE_PRODUCT = YES;
				VALID_ARCHS = "armv7 arm64 armv7s i386 x86_64";
			};
			name = Release;
		};
		9604D38916AAE8AD002286CC /* Debug */ = {
			isa = XCBuildConfiguration;
			buildSettings = {
				CLANG_CXX_LANGUAGE_STANDARD = "compiler-default";
				CLANG_CXX_LIBRARY = "compiler-default";
				CLANG_ENABLE_OBJC_ARC = NO;
				CONFIGURATION_BUILD_DIR = ../lib;
				DSTROOT = /tmp/VideoLibrary.dst;
				GCC_INPUT_FILETYPE = sourcecode.cpp.objcpp;
				GCC_PRECOMPILE_PREFIX_HEADER = YES;
				GCC_PREFIX_HEADER = "VideoLibrary/VideoLibrary-Prefix.pch";
				HEADER_SEARCH_PATHS = (
					./ffmpeg/include/,
					../include/VideoLibrary,
				);
				IPHONEOS_DEPLOYMENT_TARGET = 5.1.1;
				LIBRARY_SEARCH_PATHS = (
					"$(inherited)",
					"\"$(SRCROOT)/ffmpeg/lib\"",
					"\"$(SRCROOT)/ffmpeg/x264-armv7\"",
				);
				ONLY_ACTIVE_ARCH = NO;
				OTHER_LDFLAGS = "-ObjC";
				PRODUCT_NAME = "$(TARGET_NAME)";
				SKIP_INSTALL = YES;
				VALID_ARCHS = "armv7 armv7s arm64 x86_64 i386";
			};
			name = Debug;
		};
		9604D38A16AAE8AD002286CC /* Release */ = {
			isa = XCBuildConfiguration;
			buildSettings = {
				CLANG_CXX_LANGUAGE_STANDARD = "compiler-default";
				CLANG_CXX_LIBRARY = "compiler-default";
				CLANG_ENABLE_OBJC_ARC = NO;
				CONFIGURATION_BUILD_DIR = ../lib;
				DSTROOT = /tmp/VideoLibrary.dst;
				GCC_INPUT_FILETYPE = sourcecode.cpp.objcpp;
				GCC_PRECOMPILE_PREFIX_HEADER = YES;
				GCC_PREFIX_HEADER = "VideoLibrary/VideoLibrary-Prefix.pch";
				HEADER_SEARCH_PATHS = (
					./ffmpeg/include/,
					../include/VideoLibrary,
				);
				IPHONEOS_DEPLOYMENT_TARGET = 5.1.1;
				LIBRARY_SEARCH_PATHS = (
					"$(inherited)",
					"\"$(SRCROOT)/ffmpeg/lib\"",
					"\"$(SRCROOT)/ffmpeg/x264-armv7\"",
				);
				ONLY_ACTIVE_ARCH = NO;
				OTHER_LDFLAGS = "-ObjC";
				PRODUCT_NAME = "$(TARGET_NAME)";
				SKIP_INSTALL = YES;
				VALID_ARCHS = "armv7 armv7s arm64 x86_64 i386";
			};
			name = Release;
		};
/* End XCBuildConfiguration section */

/* Begin XCConfigurationList section */
		9604D37416AAE8AD002286CC /* Build configuration list for PBXProject "VideoLibrary" */ = {
			isa = XCConfigurationList;
			buildConfigurations = (
				9604D38616AAE8AD002286CC /* Debug */,
				9604D38716AAE8AD002286CC /* Release */,
			);
			defaultConfigurationIsVisible = 0;
			defaultConfigurationName = Release;
		};
		9604D38816AAE8AD002286CC /* Build configuration list for PBXNativeTarget "VideoLibrary" */ = {
			isa = XCConfigurationList;
			buildConfigurations = (
				9604D38916AAE8AD002286CC /* Debug */,
				9604D38A16AAE8AD002286CC /* Release */,
			);
			defaultConfigurationIsVisible = 0;
			defaultConfigurationName = Release;
		};
/* End XCConfigurationList section */
	};
	rootObject = 9604D37116AAE8AD002286CC /* Project object */;
}
